
Microsoft Visual Studio Solution File, Format Version 12.00
# Visual Studio Version 16
VisualStudioVersion = 16.0.30011.22
MinimumVisualStudioVersion = 10.0.40219.1
Project("{FAE04EC0-301F-11D3-BF4B-00C04F79EFBC}") = "ejercicioelevarapaotencia", "ejercicioelevarapaotencia\ejercicioelevarapaotencia.csproj", "{834E88D4-13C2-4A26-A963-FAFA7381B3B5}"
EndProject
Global
	GlobalSection(SolutionConfigurationPlatforms) = preSolution
		Debug|Any CPU = Debug|Any CPU
		Release|Any CPU = Release|Any CPU
	EndGlobalSection
	GlobalSection(ProjectConfigurationPlatforms) = postSolution
		{834E88D4-13C2-4A26-A963-FAFA7381B3B5}.Debug|Any CPU.ActiveCfg = Debug|Any CPU
		{834E88D4-13C2-4A26-A963-FAFA7381B3B5}.Debug|Any CPU.Build.0 = Debug|Any CPU
		{834E88D4-13C2-4A26-A963-FAFA7381B3B5}.Release|Any CPU.ActiveCfg = Release|Any CPU
		{834E88D4-13C2-4A26-A963-FAFA7381B3B5}.Release|Any CPU.Build.0 = Release|Any CPU
	EndGlobalSection
	GlobalSection(SolutionProperties) = preSolution
		HideSolutionNode = FALSE
	EndGlobalSection
	GlobalSection(ExtensibilityGlobals) = postSolution
		SolutionGuid = {6AA53EC0-06EF-427F-AA6E-8FB94D590D48}
	EndGlobalSection
EndGlobal
