
Microsoft Visual Studio Solution File, Format Version 12.00
# Visual Studio Version 16
VisualStudioVersion = 16.0.30011.22
MinimumVisualStudioVersion = 10.0.40219.1
Project("{FAE04EC0-301F-11D3-BF4B-00C04F79EFBC}") = "Valoraciones", "Valoraciones\Valoraciones.csproj", "{0815E26E-9EF5-4A08-90E8-5BDCC0B8C53E}"
EndProject
Project("{FAE04EC0-301F-11D3-BF4B-00C04F79EFBC}") = "Valoraciones.Test", "Valoraciones.Test\Valoraciones.Test.csproj", "{FD82247E-6C75-4920-9B1D-A86DC1C5A812}"
EndProject
Global
	GlobalSection(SolutionConfigurationPlatforms) = preSolution
		Debug|Any CPU = Debug|Any CPU
		Release|Any CPU = Release|Any CPU
	EndGlobalSection
	GlobalSection(ProjectConfigurationPlatforms) = postSolution
		{0815E26E-9EF5-4A08-90E8-5BDCC0B8C53E}.Debug|Any CPU.ActiveCfg = Debug|Any CPU
		{0815E26E-9EF5-4A08-90E8-5BDCC0B8C53E}.Debug|Any CPU.Build.0 = Debug|Any CPU
		{0815E26E-9EF5-4A08-90E8-5BDCC0B8C53E}.Release|Any CPU.ActiveCfg = Release|Any CPU
		{0815E26E-9EF5-4A08-90E8-5BDCC0B8C53E}.Release|Any CPU.Build.0 = Release|Any CPU
		{FD82247E-6C75-4920-9B1D-A86DC1C5A812}.Debug|Any CPU.ActiveCfg = Debug|Any CPU
		{FD82247E-6C75-4920-9B1D-A86DC1C5A812}.Debug|Any CPU.Build.0 = Debug|Any CPU
		{FD82247E-6C75-4920-9B1D-A86DC1C5A812}.Release|Any CPU.ActiveCfg = Release|Any CPU
		{FD82247E-6C75-4920-9B1D-A86DC1C5A812}.Release|Any CPU.Build.0 = Release|Any CPU
	EndGlobalSection
	GlobalSection(SolutionProperties) = preSolution
		HideSolutionNode = FALSE
	EndGlobalSection
	GlobalSection(ExtensibilityGlobals) = postSolution
		SolutionGuid = {6FAEFC20-2E26-4A47-9A71-5AF2C706E72C}
	EndGlobalSection
EndGlobal
