
Microsoft Visual Studio Solution File, Format Version 12.00
# Visual Studio Version 16
VisualStudioVersion = 16.0.30011.22
MinimumVisualStudioVersion = 10.0.40219.1
Project("{FAE04EC0-301F-11D3-BF4B-00C04F79EFBC}") = "ejercicioJaget", "ejercicioJaget\ejercicioJaget.csproj", "{99230934-C37A-4D69-B411-8B85CCCF1B9D}"
EndProject
Global
	GlobalSection(SolutionConfigurationPlatforms) = preSolution
		Debug|Any CPU = Debug|Any CPU
		Release|Any CPU = Release|Any CPU
	EndGlobalSection
	GlobalSection(ProjectConfigurationPlatforms) = postSolution
		{99230934-C37A-4D69-B411-8B85CCCF1B9D}.Debug|Any CPU.ActiveCfg = Debug|Any CPU
		{99230934-C37A-4D69-B411-8B85CCCF1B9D}.Debug|Any CPU.Build.0 = Debug|Any CPU
		{99230934-C37A-4D69-B411-8B85CCCF1B9D}.Release|Any CPU.ActiveCfg = Release|Any CPU
		{99230934-C37A-4D69-B411-8B85CCCF1B9D}.Release|Any CPU.Build.0 = Release|Any CPU
	EndGlobalSection
	GlobalSection(SolutionProperties) = preSolution
		HideSolutionNode = FALSE
	EndGlobalSection
	GlobalSection(ExtensibilityGlobals) = postSolution
		SolutionGuid = {6813482F-5135-4C21-9749-82DDBFACB5B9}
	EndGlobalSection
EndGlobal
